
Microsoft Visual Studio Solution File, Format Version 12.00
# Visual Studio 2012
Project("{FAE04EC0-301F-11D3-BF4B-00C04F79EFBC}") = "Solvation.UI", "Solvation\Solvation.UI.csproj", "{B7A49831-D384-4C32-8B45-FCCB4A436EAB}"
EndProject
Project("{FAE04EC0-301F-11D3-BF4B-00C04F79EFBC}") = "Solvation.WPF.MDI", "WPF.MDI\Solvation.WPF.MDI.csproj", "{BE1ED569-5E0B-4DF0-8964-33AD2AAE4C4A}"
EndProject
Project("{FAE04EC0-301F-11D3-BF4B-00C04F79EFBC}") = "Solvation.Domain", "DataObjects\Solvation.Domain.csproj", "{4743A165-B92F-45E8-B44E-44D052ECD8FA}"
EndProject
Global
	GlobalSection(SolutionConfigurationPlatforms) = preSolution
		Debug|Any CPU = Debug|Any CPU
		Debug|Mixed Platforms = Debug|Mixed Platforms
		Debug|x86 = Debug|x86
		Release|Any CPU = Release|Any CPU
		Release|Mixed Platforms = Release|Mixed Platforms
		Release|x86 = Release|x86
		ReleaseTest|Any CPU = ReleaseTest|Any CPU
		ReleaseTest|Mixed Platforms = ReleaseTest|Mixed Platforms
		ReleaseTest|x86 = ReleaseTest|x86
	EndGlobalSection
	GlobalSection(ProjectConfigurationPlatforms) = postSolution
		{B7A49831-D384-4C32-8B45-FCCB4A436EAB}.Debug|Any CPU.ActiveCfg = Debug|Any CPU
		{B7A49831-D384-4C32-8B45-FCCB4A436EAB}.Debug|Any CPU.Build.0 = Debug|Any CPU
		{B7A49831-D384-4C32-8B45-FCCB4A436EAB}.Debug|Mixed Platforms.ActiveCfg = Debug|x86
		{B7A49831-D384-4C32-8B45-FCCB4A436EAB}.Debug|Mixed Platforms.Build.0 = Debug|x86
		{B7A49831-D384-4C32-8B45-FCCB4A436EAB}.Debug|x86.ActiveCfg = Debug|x86
		{B7A49831-D384-4C32-8B45-FCCB4A436EAB}.Debug|x86.Build.0 = Debug|x86
		{B7A49831-D384-4C32-8B45-FCCB4A436EAB}.Release|Any CPU.ActiveCfg = Release|Any CPU
		{B7A49831-D384-4C32-8B45-FCCB4A436EAB}.Release|Mixed Platforms.ActiveCfg = Release|x86
		{B7A49831-D384-4C32-8B45-FCCB4A436EAB}.Release|Mixed Platforms.Build.0 = Release|x86
		{B7A49831-D384-4C32-8B45-FCCB4A436EAB}.Release|x86.ActiveCfg = Release|x86
		{B7A49831-D384-4C32-8B45-FCCB4A436EAB}.Release|x86.Build.0 = Release|x86
		{B7A49831-D384-4C32-8B45-FCCB4A436EAB}.ReleaseTest|Any CPU.ActiveCfg = ReleaseTest|Any CPU
		{B7A49831-D384-4C32-8B45-FCCB4A436EAB}.ReleaseTest|Any CPU.Build.0 = ReleaseTest|Any CPU
		{B7A49831-D384-4C32-8B45-FCCB4A436EAB}.ReleaseTest|Mixed Platforms.ActiveCfg = ReleaseTest|x86
		{B7A49831-D384-4C32-8B45-FCCB4A436EAB}.ReleaseTest|Mixed Platforms.Build.0 = ReleaseTest|x86
		{B7A49831-D384-4C32-8B45-FCCB4A436EAB}.ReleaseTest|x86.ActiveCfg = ReleaseTest|x86
		{B7A49831-D384-4C32-8B45-FCCB4A436EAB}.ReleaseTest|x86.Build.0 = ReleaseTest|x86
		{BE1ED569-5E0B-4DF0-8964-33AD2AAE4C4A}.Debug|Any CPU.ActiveCfg = Debug|Any CPU
		{BE1ED569-5E0B-4DF0-8964-33AD2AAE4C4A}.Debug|Any CPU.Build.0 = Debug|Any CPU
		{BE1ED569-5E0B-4DF0-8964-33AD2AAE4C4A}.Debug|Mixed Platforms.ActiveCfg = Debug|Any CPU
		{BE1ED569-5E0B-4DF0-8964-33AD2AAE4C4A}.Debug|Mixed Platforms.Build.0 = Debug|Any CPU
		{BE1ED569-5E0B-4DF0-8964-33AD2AAE4C4A}.Debug|x86.ActiveCfg = Debug|Any CPU
		{BE1ED569-5E0B-4DF0-8964-33AD2AAE4C4A}.Release|Any CPU.ActiveCfg = Release|Any CPU
		{BE1ED569-5E0B-4DF0-8964-33AD2AAE4C4A}.Release|Any CPU.Build.0 = Release|Any CPU
		{BE1ED569-5E0B-4DF0-8964-33AD2AAE4C4A}.Release|Mixed Platforms.ActiveCfg = Release|Any CPU
		{BE1ED569-5E0B-4DF0-8964-33AD2AAE4C4A}.Release|Mixed Platforms.Build.0 = Release|Any CPU
		{BE1ED569-5E0B-4DF0-8964-33AD2AAE4C4A}.Release|x86.ActiveCfg = Release|Any CPU
		{BE1ED569-5E0B-4DF0-8964-33AD2AAE4C4A}.ReleaseTest|Any CPU.ActiveCfg = ReleaseTest|Any CPU
		{BE1ED569-5E0B-4DF0-8964-33AD2AAE4C4A}.ReleaseTest|Any CPU.Build.0 = ReleaseTest|Any CPU
		{BE1ED569-5E0B-4DF0-8964-33AD2AAE4C4A}.ReleaseTest|Mixed Platforms.ActiveCfg = ReleaseTest|Any CPU
		{BE1ED569-5E0B-4DF0-8964-33AD2AAE4C4A}.ReleaseTest|Mixed Platforms.Build.0 = ReleaseTest|Any CPU
		{BE1ED569-5E0B-4DF0-8964-33AD2AAE4C4A}.ReleaseTest|x86.ActiveCfg = ReleaseTest|Any CPU
		{4743A165-B92F-45E8-B44E-44D052ECD8FA}.Debug|Any CPU.ActiveCfg = Debug|Any CPU
		{4743A165-B92F-45E8-B44E-44D052ECD8FA}.Debug|Any CPU.Build.0 = Debug|Any CPU
		{4743A165-B92F-45E8-B44E-44D052ECD8FA}.Debug|Mixed Platforms.ActiveCfg = Debug|Any CPU
		{4743A165-B92F-45E8-B44E-44D052ECD8FA}.Debug|Mixed Platforms.Build.0 = Debug|Any CPU
		{4743A165-B92F-45E8-B44E-44D052ECD8FA}.Debug|x86.ActiveCfg = Debug|Any CPU
		{4743A165-B92F-45E8-B44E-44D052ECD8FA}.Release|Any CPU.ActiveCfg = Release|Any CPU
		{4743A165-B92F-45E8-B44E-44D052ECD8FA}.Release|Any CPU.Build.0 = Release|Any CPU
		{4743A165-B92F-45E8-B44E-44D052ECD8FA}.Release|Mixed Platforms.ActiveCfg = Release|Any CPU
		{4743A165-B92F-45E8-B44E-44D052ECD8FA}.Release|Mixed Platforms.Build.0 = Release|Any CPU
		{4743A165-B92F-45E8-B44E-44D052ECD8FA}.Release|x86.ActiveCfg = Release|Any CPU
		{4743A165-B92F-45E8-B44E-44D052ECD8FA}.ReleaseTest|Any CPU.ActiveCfg = Release|Any CPU
		{4743A165-B92F-45E8-B44E-44D052ECD8FA}.ReleaseTest|Any CPU.Build.0 = Release|Any CPU
		{4743A165-B92F-45E8-B44E-44D052ECD8FA}.ReleaseTest|Mixed Platforms.ActiveCfg = Release|Any CPU
		{4743A165-B92F-45E8-B44E-44D052ECD8FA}.ReleaseTest|Mixed Platforms.Build.0 = Release|Any CPU
		{4743A165-B92F-45E8-B44E-44D052ECD8FA}.ReleaseTest|x86.ActiveCfg = Release|Any CPU
	EndGlobalSection
	GlobalSection(SolutionProperties) = preSolution
		HideSolutionNode = FALSE
	EndGlobalSection
EndGlobal
